
Microsoft Visual Studio Solution File, Format Version 12.00
# Visual Studio Version 16
VisualStudioVersion = 16.0.32106.194
MinimumVisualStudioVersion = 10.0.40219.1
Project("{FAE04EC0-301F-11D3-BF4B-00C04F79EFBC}") = "BattleShip", "BattleShip\BattleShip.csproj", "{6569372E-F50D-470C-907F-BF064B01A21B}"
EndProject
Global
	GlobalSection(SolutionConfigurationPlatforms) = preSolution
		Debug|Any CPU = Debug|Any CPU
		Release|Any CPU = Release|Any CPU
	EndGlobalSection
	GlobalSection(ProjectConfigurationPlatforms) = postSolution
		{6569372E-F50D-470C-907F-BF064B01A21B}.Debug|Any CPU.ActiveCfg = Debug|Any CPU
		{6569372E-F50D-470C-907F-BF064B01A21B}.Debug|Any CPU.Build.0 = Debug|Any CPU
		{6569372E-F50D-470C-907F-BF064B01A21B}.Release|Any CPU.ActiveCfg = Release|Any CPU
		{6569372E-F50D-470C-907F-BF064B01A21B}.Release|Any CPU.Build.0 = Release|Any CPU
	EndGlobalSection
	GlobalSection(SolutionProperties) = preSolution
		HideSolutionNode = FALSE
	EndGlobalSection
	GlobalSection(ExtensibilityGlobals) = postSolution
		SolutionGuid = {72833055-8A3B-43C3-861F-7302BF3701C3}
	EndGlobalSection
EndGlobal
